// !$*UTF8*$!
{
	archiveVersion = 1;
	classes = {
	};
	objectVersion = 56;
	objects = {

/* Begin PBXBuildFile section */
		31EEE9552916CBB100DF92E3 /* SquareTHPApp.swift in Sources */ = {isa = PBXBuildFile; fileRef = 31EEE9542916CBB100DF92E3 /* SquareTHPApp.swift */; };
		31EEE9572916CBB100DF92E3 /* ContentView.swift in Sources */ = {isa = PBXBuildFile; fileRef = 31EEE9562916CBB100DF92E3 /* ContentView.swift */; };
		31EEE9592916CBB300DF92E3 /* Assets.xcassets in Resources */ = {isa = PBXBuildFile; fileRef = 31EEE9582916CBB300DF92E3 /* Assets.xcassets */; };
		31EEE95C2916CBB300DF92E3 /* Preview Assets.xcassets in Resources */ = {isa = PBXBuildFile; fileRef = 31EEE95B2916CBB300DF92E3 /* Preview Assets.xcassets */; };
		31EEE9672916CC8C00DF92E3 /* EmployeeModels.swift in Sources */ = {isa = PBXBuildFile; fileRef = 31EEE9662916CC8C00DF92E3 /* EmployeeModels.swift */; };
		31EEE9692916CDE500DF92E3 /* EmployeeDownloader.swift in Sources */ = {isa = PBXBuildFile; fileRef = 31EEE9682916CDE500DF92E3 /* EmployeeDownloader.swift */; };
		31EEE96C2916CE3E00DF92E3 /* ContentViewModel.swift in Sources */ = {isa = PBXBuildFile; fileRef = 31EEE96B2916CE3E00DF92E3 /* ContentViewModel.swift */; };
		31EEE96E2916DD1B00DF92E3 /* EmployeeCells.swift in Sources */ = {isa = PBXBuildFile; fileRef = 31EEE96D2916DD1B00DF92E3 /* EmployeeCells.swift */; };
		31EEE9702916DE8600DF92E3 /* ImageView.swift in Sources */ = {isa = PBXBuildFile; fileRef = 31EEE96F2916DE8600DF92E3 /* ImageView.swift */; };
		31EEE9722916DF3300DF92E3 /* ImageViewModel.swift in Sources */ = {isa = PBXBuildFile; fileRef = 31EEE9712916DF3300DF92E3 /* ImageViewModel.swift */; };
		31EEE9762916F49C00DF92E3 /* ImageCacheManager.swift in Sources */ = {isa = PBXBuildFile; fileRef = 31EEE9752916F49C00DF92E3 /* ImageCacheManager.swift */; };
		31EEE97B291769D600DF92E3 /* String-Ext.swift in Sources */ = {isa = PBXBuildFile; fileRef = 31EEE97A291769D600DF92E3 /* String-Ext.swift */; };
		31EEE97D291803D000DF92E3 /* ErrorMessage.swift in Sources */ = {isa = PBXBuildFile; fileRef = 31EEE97C291803D000DF92E3 /* ErrorMessage.swift */; };
		31EEE98029181C1B00DF92E3 /* Lottie in Frameworks */ = {isa = PBXBuildFile; productRef = 31EEE97F29181C1B00DF92E3 /* Lottie */; };
		31EEE98229181DF700DF92E3 /* EmptyPageView.swift in Sources */ = {isa = PBXBuildFile; fileRef = 31EEE98129181DF700DF92E3 /* EmptyPageView.swift */; };
		31EEE98429181F4F00DF92E3 /* empty-state.json in Resources */ = {isa = PBXBuildFile; fileRef = 31EEE98329181F4F00DF92E3 /* empty-state.json */; };
/* End PBXBuildFile section */

/* Begin PBXFileReference section */
		31EEE9512916CBB100DF92E3 /* SquareTHP.app */ = {isa = PBXFileReference; explicitFileType = wrapper.application; includeInIndex = 0; path = SquareTHP.app; sourceTree = BUILT_PRODUCTS_DIR; };
		31EEE9542916CBB100DF92E3 /* SquareTHPApp.swift */ = {isa = PBXFileReference; lastKnownFileType = sourcecode.swift; path = SquareTHPApp.swift; sourceTree = "<group>"; };
		31EEE9562916CBB100DF92E3 /* ContentView.swift */ = {isa = PBXFileReference; lastKnownFileType = sourcecode.swift; path = ContentView.swift; sourceTree = "<group>"; };
		31EEE9582916CBB300DF92E3 /* Assets.xcassets */ = {isa = PBXFileReference; lastKnownFileType = folder.assetcatalog; path = Assets.xcassets; sourceTree = "<group>"; };
		31EEE95B2916CBB300DF92E3 /* Preview Assets.xcassets */ = {isa = PBXFileReference; lastKnownFileType = folder.assetcatalog; path = "Preview Assets.xcassets"; sourceTree = "<group>"; };
		31EEE9662916CC8C00DF92E3 /* EmployeeModels.swift */ = {isa = PBXFileReference; lastKnownFileType = sourcecode.swift; path = EmployeeModels.swift; sourceTree = "<group>"; };
		31EEE9682916CDE500DF92E3 /* EmployeeDownloader.swift */ = {isa = PBXFileReference; lastKnownFileType = sourcecode.swift; path = EmployeeDownloader.swift; sourceTree = "<group>"; };
		31EEE96B2916CE3E00DF92E3 /* ContentViewModel.swift */ = {isa = PBXFileReference; lastKnownFileType = sourcecode.swift; path = ContentViewModel.swift; sourceTree = "<group>"; };
		31EEE96D2916DD1B00DF92E3 /* EmployeeCells.swift */ = {isa = PBXFileReference; lastKnownFileType = sourcecode.swift; path = EmployeeCells.swift; sourceTree = "<group>"; };
		31EEE96F2916DE8600DF92E3 /* ImageView.swift */ = {isa = PBXFileReference; lastKnownFileType = sourcecode.swift; path = ImageView.swift; sourceTree = "<group>"; };
		31EEE9712916DF3300DF92E3 /* ImageViewModel.swift */ = {isa = PBXFileReference; lastKnownFileType = sourcecode.swift; path = ImageViewModel.swift; sourceTree = "<group>"; };
		31EEE9752916F49C00DF92E3 /* ImageCacheManager.swift */ = {isa = PBXFileReference; lastKnownFileType = sourcecode.swift; path = ImageCacheManager.swift; sourceTree = "<group>"; };
		31EEE97A291769D600DF92E3 /* String-Ext.swift */ = {isa = PBXFileReference; lastKnownFileType = sourcecode.swift; path = "String-Ext.swift"; sourceTree = "<group>"; };
		31EEE97C291803D000DF92E3 /* ErrorMessage.swift */ = {isa = PBXFileReference; lastKnownFileType = sourcecode.swift; path = ErrorMessage.swift; sourceTree = "<group>"; };
		31EEE98129181DF700DF92E3 /* EmptyPageView.swift */ = {isa = PBXFileReference; lastKnownFileType = sourcecode.swift; path = EmptyPageView.swift; sourceTree = "<group>"; };
		31EEE98329181F4F00DF92E3 /* empty-state.json */ = {isa = PBXFileReference; fileEncoding = 4; lastKnownFileType = text.json; path = "empty-state.json"; sourceTree = "<group>"; };
/* End PBXFileReference section */

/* Begin PBXFrameworksBuildPhase section */
		31EEE94E2916CBB100DF92E3 /* Frameworks */ = {
			isa = PBXFrameworksBuildPhase;
			buildActionMask = 2147483647;
			files = (
				31EEE98029181C1B00DF92E3 /* Lottie in Frameworks */,
			);
			runOnlyForDeploymentPostprocessing = 0;
		};
/* End PBXFrameworksBuildPhase section */

/* Begin PBXGroup section */
		31EEE9482916CBB100DF92E3 = {
			isa = PBXGroup;
			children = (
				31EEE9532916CBB100DF92E3 /* SquareTHP */,
				31EEE9522916CBB100DF92E3 /* Products */,
			);
			sourceTree = "<group>";
		};
		31EEE9522916CBB100DF92E3 /* Products */ = {
			isa = PBXGroup;
			children = (
				31EEE9512916CBB100DF92E3 /* SquareTHP.app */,
			);
			name = Products;
			sourceTree = "<group>";
		};
		31EEE9532916CBB100DF92E3 /* SquareTHP */ = {
			isa = PBXGroup;
			children = (
				31EEE979291769BB00DF92E3 /* Extensions */,
				31EEE96A2916CDFD00DF92E3 /* Utilities */,
				31EEE9652916CC2300DF92E3 /* Models */,
				31EEE9642916CC1A00DF92E3 /* ViewModels */,
				31EEE9632916CC1100DF92E3 /* Views */,
				31EEE9542916CBB100DF92E3 /* SquareTHPApp.swift */,
				31EEE9582916CBB300DF92E3 /* Assets.xcassets */,
				31EEE98329181F4F00DF92E3 /* empty-state.json */,
				31EEE95A2916CBB300DF92E3 /* Preview Content */,
			);
			path = SquareTHP;
			sourceTree = "<group>";
		};
		31EEE95A2916CBB300DF92E3 /* Preview Content */ = {
			isa = PBXGroup;
			children = (
				31EEE95B2916CBB300DF92E3 /* Preview Assets.xcassets */,
			);
			path = "Preview Content";
			sourceTree = "<group>";
		};
		31EEE9632916CC1100DF92E3 /* Views */ = {
			isa = PBXGroup;
			children = (
				31EEE98529182D7600DF92E3 /* SubViews */,
				31EEE9562916CBB100DF92E3 /* ContentView.swift */,
			);
			path = Views;
			sourceTree = "<group>";
		};
		31EEE9642916CC1A00DF92E3 /* ViewModels */ = {
			isa = PBXGroup;
			children = (
				31EEE96B2916CE3E00DF92E3 /* ContentViewModel.swift */,
				31EEE9712916DF3300DF92E3 /* ImageViewModel.swift */,
			);
			path = ViewModels;
			sourceTree = "<group>";
		};
		31EEE9652916CC2300DF92E3 /* Models */ = {
			isa = PBXGroup;
			children = (
				31EEE9662916CC8C00DF92E3 /* EmployeeModels.swift */,
			);
			path = Models;
			sourceTree = "<group>";
		};
		31EEE96A2916CDFD00DF92E3 /* Utilities */ = {
			isa = PBXGroup;
			children = (
				31EEE9682916CDE500DF92E3 /* EmployeeDownloader.swift */,
				31EEE9752916F49C00DF92E3 /* ImageCacheManager.swift */,
				31EEE97C291803D000DF92E3 /* ErrorMessage.swift */,
			);
			path = Utilities;
			sourceTree = "<group>";
		};
		31EEE979291769BB00DF92E3 /* Extensions */ = {
			isa = PBXGroup;
			children = (
				31EEE97A291769D600DF92E3 /* String-Ext.swift */,
			);
			path = Extensions;
			sourceTree = "<group>";
		};
		31EEE98529182D7600DF92E3 /* SubViews */ = {
			isa = PBXGroup;
			children = (
				31EEE98129181DF700DF92E3 /* EmptyPageView.swift */,
				31EEE96D2916DD1B00DF92E3 /* EmployeeCells.swift */,
				31EEE96F2916DE8600DF92E3 /* ImageView.swift */,
			);
			path = SubViews;
			sourceTree = "<group>";
		};
/* End PBXGroup section */

/* Begin PBXNativeTarget section */
		31EEE9502916CBB100DF92E3 /* SquareTHP */ = {
			isa = PBXNativeTarget;
			buildConfigurationList = 31EEE95F2916CBB300DF92E3 /* Build configuration list for PBXNativeTarget "SquareTHP" */;
			buildPhases = (
				31EEE94D2916CBB100DF92E3 /* Sources */,
				31EEE94E2916CBB100DF92E3 /* Frameworks */,
				31EEE94F2916CBB100DF92E3 /* Resources */,
			);
			buildRules = (
			);
			dependencies = (
			);
			name = SquareTHP;
			packageProductDependencies = (
				31EEE97F29181C1B00DF92E3 /* Lottie */,
			);
			productName = SquareTHP;
			productReference = 31EEE9512916CBB100DF92E3 /* SquareTHP.app */;
			productType = "com.apple.product-type.application";
		};
/* End PBXNativeTarget section */

/* Begin PBXProject section */
		31EEE9492916CBB100DF92E3 /* Project object */ = {
			isa = PBXProject;
			attributes = {
				BuildIndependentTargetsInParallel = 1;
				LastSwiftUpdateCheck = 1400;
				LastUpgradeCheck = 1400;
				TargetAttributes = {
					31EEE9502916CBB100DF92E3 = {
						CreatedOnToolsVersion = 14.0;
					};
				};
			};
			buildConfigurationList = 31EEE94C2916CBB100DF92E3 /* Build configuration list for PBXProject "SquareTHP" */;
			compatibilityVersion = "Xcode 14.0";
			developmentRegion = en;
			hasScannedForEncodings = 0;
			knownRegions = (
				en,
				Base,
			);
			mainGroup = 31EEE9482916CBB100DF92E3;
			packageReferences = (
				31EEE97E29181C1B00DF92E3 /* XCRemoteSwiftPackageReference "lottie-ios" */,
			);
			productRefGroup = 31EEE9522916CBB100DF92E3 /* Products */;
			projectDirPath = "";
			projectRoot = "";
			targets = (
				31EEE9502916CBB100DF92E3 /* SquareTHP */,
			);
		};
/* End PBXProject section */

/* Begin PBXResourcesBuildPhase section */
		31EEE94F2916CBB100DF92E3 /* Resources */ = {
			isa = PBXResourcesBuildPhase;
			buildActionMask = 2147483647;
			files = (
				31EEE95C2916CBB300DF92E3 /* Preview Assets.xcassets in Resources */,
				31EEE9592916CBB300DF92E3 /* Assets.xcassets in Resources */,
				31EEE98429181F4F00DF92E3 /* empty-state.json in Resources */,
			);
			runOnlyForDeploymentPostprocessing = 0;
		};
/* End PBXResourcesBuildPhase section */

/* Begin PBXSourcesBuildPhase section */
		31EEE94D2916CBB100DF92E3 /* Sources */ = {
			isa = PBXSourcesBuildPhase;
			buildActionMask = 2147483647;
			files = (
				31EEE9672916CC8C00DF92E3 /* EmployeeModels.swift in Sources */,
				31EEE98229181DF700DF92E3 /* EmptyPageView.swift in Sources */,
				31EEE96E2916DD1B00DF92E3 /* EmployeeCells.swift in Sources */,
				31EEE97B291769D600DF92E3 /* String-Ext.swift in Sources */,
				31EEE9572916CBB100DF92E3 /* ContentView.swift in Sources */,
				31EEE9692916CDE500DF92E3 /* EmployeeDownloader.swift in Sources */,
				31EEE9762916F49C00DF92E3 /* ImageCacheManager.swift in Sources */,
				31EEE97D291803D000DF92E3 /* ErrorMessage.swift in Sources */,
				31EEE9552916CBB100DF92E3 /* SquareTHPApp.swift in Sources */,
				31EEE9702916DE8600DF92E3 /* ImageView.swift in Sources */,
				31EEE9722916DF3300DF92E3 /* ImageViewModel.swift in Sources */,
				31EEE96C2916CE3E00DF92E3 /* ContentViewModel.swift in Sources */,
			);
			runOnlyForDeploymentPostprocessing = 0;
		};
/* End PBXSourcesBuildPhase section */

/* Begin XCBuildConfiguration section */
		31EEE95D2916CBB300DF92E3 /* Debug */ = {
			isa = XCBuildConfiguration;
			buildSettings = {
				ALWAYS_SEARCH_USER_PATHS = NO;
				CLANG_ANALYZER_NONNULL = YES;
				CLANG_ANALYZER_NUMBER_OBJECT_CONVERSION = YES_AGGRESSIVE;
				CLANG_CXX_LANGUAGE_STANDARD = "gnu++20";
				CLANG_ENABLE_MODULES = YES;
				CLANG_ENABLE_OBJC_ARC = YES;
				CLANG_ENABLE_OBJC_WEAK = YES;
				CLANG_WARN_BLOCK_CAPTURE_AUTORELEASING = YES;
				CLANG_WARN_BOOL_CONVERSION = YES;
				CLANG_WARN_COMMA = YES;
				CLANG_WARN_CONSTANT_CONVERSION = YES;
				CLANG_WARN_DEPRECATED_OBJC_IMPLEMENTATIONS = YES;
				CLANG_WARN_DIRECT_OBJC_ISA_USAGE = YES_ERROR;
				CLANG_WARN_DOCUMENTATION_COMMENTS = YES;
				CLANG_WARN_EMPTY_BODY = YES;
				CLANG_WARN_ENUM_CONVERSION = YES;
				CLANG_WARN_INFINITE_RECURSION = YES;
				CLANG_WARN_INT_CONVERSION = YES;
				CLANG_WARN_NON_LITERAL_NULL_CONVERSION = YES;
				CLANG_WARN_OBJC_IMPLICIT_RETAIN_SELF = YES;
				CLANG_WARN_OBJC_LITERAL_CONVERSION = YES;
				CLANG_WARN_OBJC_ROOT_CLASS = YES_ERROR;
				CLANG_WARN_QUOTED_INCLUDE_IN_FRAMEWORK_HEADER = YES;
				CLANG_WARN_RANGE_LOOP_ANALYSIS = YES;
				CLANG_WARN_STRICT_PROTOTYPES = YES;
				CLANG_WARN_SUSPICIOUS_MOVE = YES;
				CLANG_WARN_UNGUARDED_AVAILABILITY = YES_AGGRESSIVE;
				CLANG_WARN_UNREACHABLE_CODE = YES;
				CLANG_WARN__DUPLICATE_METHOD_MATCH = YES;
				COPY_PHASE_STRIP = NO;
				DEBUG_INFORMATION_FORMAT = dwarf;
				ENABLE_STRICT_OBJC_MSGSEND = YES;
				ENABLE_TESTABILITY = YES;
				GCC_C_LANGUAGE_STANDARD = gnu11;
				GCC_DYNAMIC_NO_PIC = NO;
				GCC_NO_COMMON_BLOCKS = YES;
				GCC_OPTIMIZATION_LEVEL = 0;
				GCC_PREPROCESSOR_DEFINITIONS = (
					"DEBUG=1",
					"$(inherited)",
				);
				GCC_WARN_64_TO_32_BIT_CONVERSION = YES;
				GCC_WARN_ABOUT_RETURN_TYPE = YES_ERROR;
				GCC_WARN_UNDECLARED_SELECTOR = YES;
				GCC_WARN_UNINITIALIZED_AUTOS = YES_AGGRESSIVE;
				GCC_WARN_UNUSED_FUNCTION = YES;
				GCC_WARN_UNUSED_VARIABLE = YES;
				IPHONEOS_DEPLOYMENT_TARGET = 16.0;
				MTL_ENABLE_DEBUG_INFO = INCLUDE_SOURCE;
				MTL_FAST_MATH = YES;
				ONLY_ACTIVE_ARCH = YES;
				SDKROOT = iphoneos;
				SWIFT_ACTIVE_COMPILATION_CONDITIONS = DEBUG;
				SWIFT_OPTIMIZATION_LEVEL = "-Onone";
			};
			name = Debug;
		};
		31EEE95E2916CBB300DF92E3 /* Release */ = {
			isa = XCBuildConfiguration;
			buildSettings = {
				ALWAYS_SEARCH_USER_PATHS = NO;
				CLANG_ANALYZER_NONNULL = YES;
				CLANG_ANALYZER_NUMBER_OBJECT_CONVERSION = YES_AGGRESSIVE;
				CLANG_CXX_LANGUAGE_STANDARD = "gnu++20";
				CLANG_ENABLE_MODULES = YES;
				CLANG_ENABLE_OBJC_ARC = YES;
				CLANG_ENABLE_OBJC_WEAK = YES;
				CLANG_WARN_BLOCK_CAPTURE_AUTORELEASING = YES;
				CLANG_WARN_BOOL_CONVERSION = YES;
				CLANG_WARN_COMMA = YES;
				CLANG_WARN_CONSTANT_CONVERSION = YES;
				CLANG_WARN_DEPRECATED_OBJC_IMPLEMENTATIONS = YES;
				CLANG_WARN_DIRECT_OBJC_ISA_USAGE = YES_ERROR;
				CLANG_WARN_DOCUMENTATION_COMMENTS = YES;
				CLANG_WARN_EMPTY_BODY = YES;
				CLANG_WARN_ENUM_CONVERSION = YES;
				CLANG_WARN_INFINITE_RECURSION = YES;
				CLANG_WARN_INT_CONVERSION = YES;
				CLANG_WARN_NON_LITERAL_NULL_CONVERSION = YES;
				CLANG_WARN_OBJC_IMPLICIT_RETAIN_SELF = YES;
				CLANG_WARN_OBJC_LITERAL_CONVERSION = YES;
				CLANG_WARN_OBJC_ROOT_CLASS = YES_ERROR;
				CLANG_WARN_QUOTED_INCLUDE_IN_FRAMEWORK_HEADER = YES;
				CLANG_WARN_RANGE_LOOP_ANALYSIS = YES;
				CLANG_WARN_STRICT_PROTOTYPES = YES;
				CLANG_WARN_SUSPICIOUS_MOVE = YES;
				CLANG_WARN_UNGUARDED_AVAILABILITY = YES_AGGRESSIVE;
				CLANG_WARN_UNREACHABLE_CODE = YES;
				CLANG_WARN__DUPLICATE_METHOD_MATCH = YES;
				COPY_PHASE_STRIP = NO;
				DEBUG_INFORMATION_FORMAT = "dwarf-with-dsym";
				ENABLE_NS_ASSERTIONS = NO;
				ENABLE_STRICT_OBJC_MSGSEND = YES;
				GCC_C_LANGUAGE_STANDARD = gnu11;
				GCC_NO_COMMON_BLOCKS = YES;
				GCC_WARN_64_TO_32_BIT_CONVERSION = YES;
				GCC_WARN_ABOUT_RETURN_TYPE = YES_ERROR;
				GCC_WARN_UNDECLARED_SELECTOR = YES;
				GCC_WARN_UNINITIALIZED_AUTOS = YES_AGGRESSIVE;
				GCC_WARN_UNUSED_FUNCTION = YES;
				GCC_WARN_UNUSED_VARIABLE = YES;
				IPHONEOS_DEPLOYMENT_TARGET = 16.0;
				MTL_ENABLE_DEBUG_INFO = NO;
				MTL_FAST_MATH = YES;
				SDKROOT = iphoneos;
				SWIFT_COMPILATION_MODE = wholemodule;
				SWIFT_OPTIMIZATION_LEVEL = "-O";
				VALIDATE_PRODUCT = YES;
			};
			name = Release;
		};
		31EEE9602916CBB300DF92E3 /* Debug */ = {
			isa = XCBuildConfiguration;
			buildSettings = {
				ASSETCATALOG_COMPILER_APPICON_NAME = AppIcon;
				ASSETCATALOG_COMPILER_GLOBAL_ACCENT_COLOR_NAME = AccentColor;
				CODE_SIGN_STYLE = Automatic;
				CURRENT_PROJECT_VERSION = 1;
				DEVELOPMENT_ASSET_PATHS = "\"SquareTHP/Preview Content\"";
				DEVELOPMENT_TEAM = 7HSG94ANS5;
				ENABLE_PREVIEWS = YES;
				GENERATE_INFOPLIST_FILE = YES;
				INFOPLIST_KEY_UIApplicationSceneManifest_Generation = YES;
				INFOPLIST_KEY_UIApplicationSupportsIndirectInputEvents = YES;
				INFOPLIST_KEY_UILaunchScreen_Generation = YES;
				INFOPLIST_KEY_UISupportedInterfaceOrientations_iPad = "UIInterfaceOrientationPortrait UIInterfaceOrientationPortraitUpsideDown UIInterfaceOrientationLandscapeLeft UIInterfaceOrientationLandscapeRight";
				INFOPLIST_KEY_UISupportedInterfaceOrientations_iPhone = "UIInterfaceOrientationPortrait UIInterfaceOrientationLandscapeLeft UIInterfaceOrientationLandscapeRight";
				LD_RUNPATH_SEARCH_PATHS = (
					"$(inherited)",
					"@executable_path/Frameworks",
				);
				MARKETING_VERSION = 1.0;
				PRODUCT_BUNDLE_IDENTIFIER = com.c0derDre.SquareTHP;
				PRODUCT_NAME = "$(TARGET_NAME)";
				SWIFT_EMIT_LOC_STRINGS = YES;
				SWIFT_VERSION = 5.0;
				TARGETED_DEVICE_FAMILY = "1,2";
			};
			name = Debug;
		};
		31EEE9612916CBB300DF92E3 /* Release */ = {
			isa = XCBuildConfiguration;
			buildSettings = {
				ASSETCATALOG_COMPILER_APPICON_NAME = AppIcon;
				ASSETCATALOG_COMPILER_GLOBAL_ACCENT_COLOR_NAME = AccentColor;
				CODE_SIGN_STYLE = Automatic;
				CURRENT_PROJECT_VERSION = 1;
				DEVELOPMENT_ASSET_PATHS = "\"SquareTHP/Preview Content\"";
				DEVELOPMENT_TEAM = 7HSG94ANS5;
				ENABLE_PREVIEWS = YES;
				GENERATE_INFOPLIST_FILE = YES;
				INFOPLIST_KEY_UIApplicationSceneManifest_Generation = YES;
				INFOPLIST_KEY_UIApplicationSupportsIndirectInputEvents = YES;
				INFOPLIST_KEY_UILaunchScreen_Generation = YES;
				INFOPLIST_KEY_UISupportedInterfaceOrientations_iPad = "UIInterfaceOrientationPortrait UIInterfaceOrientationPortraitUpsideDown UIInterfaceOrientationLandscapeLeft UIInterfaceOrientationLandscapeRight";
				INFOPLIST_KEY_UISupportedInterfaceOrientations_iPhone = "UIInterfaceOrientationPortrait UIInterfaceOrientationLandscapeLeft UIInterfaceOrientationLandscapeRight";
				LD_RUNPATH_SEARCH_PATHS = (
					"$(inherited)",
					"@executable_path/Frameworks",
				);
				MARKETING_VERSION = 1.0;
				PRODUCT_BUNDLE_IDENTIFIER = com.c0derDre.SquareTHP;
				PRODUCT_NAME = "$(TARGET_NAME)";
				SWIFT_EMIT_LOC_STRINGS = YES;
				SWIFT_VERSION = 5.0;
				TARGETED_DEVICE_FAMILY = "1,2";
			};
			name = Release;
		};
/* End XCBuildConfiguration section */

/* Begin XCConfigurationList section */
		31EEE94C2916CBB100DF92E3 /* Build configuration list for PBXProject "SquareTHP" */ = {
			isa = XCConfigurationList;
			buildConfigurations = (
				31EEE95D2916CBB300DF92E3 /* Debug */,
				31EEE95E2916CBB300DF92E3 /* Release */,
			);
			defaultConfigurationIsVisible = 0;
			defaultConfigurationName = Release;
		};
		31EEE95F2916CBB300DF92E3 /* Build configuration list for PBXNativeTarget "SquareTHP" */ = {
			isa = XCConfigurationList;
			buildConfigurations = (
				31EEE9602916CBB300DF92E3 /* Debug */,
				31EEE9612916CBB300DF92E3 /* Release */,
			);
			defaultConfigurationIsVisible = 0;
			defaultConfigurationName = Release;
		};
/* End XCConfigurationList section */

/* Begin XCRemoteSwiftPackageReference section */
		31EEE97E29181C1B00DF92E3 /* XCRemoteSwiftPackageReference "lottie-ios" */ = {
			isa = XCRemoteSwiftPackageReference;
			repositoryURL = "https://github.com/airbnb/lottie-ios.git";
			requirement = {
				kind = upToNextMajorVersion;
				minimumVersion = 3.0.0;
			};
		};
/* End XCRemoteSwiftPackageReference section */

/* Begin XCSwiftPackageProductDependency section */
		31EEE97F29181C1B00DF92E3 /* Lottie */ = {
			isa = XCSwiftPackageProductDependency;
			package = 31EEE97E29181C1B00DF92E3 /* XCRemoteSwiftPackageReference "lottie-ios" */;
			productName = Lottie;
		};
/* End XCSwiftPackageProductDependency section */
	};
	rootObject = 31EEE9492916CBB100DF92E3 /* Project object */;
}
